// !$*UTF8*$!
{
	archiveVersion = 1;
	classes = {
	};
	objectVersion = 46;
	objects = {

/* Begin PBXBuildFile section */
		09604F201B50662500C50EFD /* AppDelegate.swift in Sources */ = {isa = PBXBuildFile; fileRef = 09604F1F1B50662500C50EFD /* AppDelegate.swift */; };
		09604F221B50662500C50EFD /* ViewController.swift in Sources */ = {isa = PBXBuildFile; fileRef = 09604F211B50662500C50EFD /* ViewController.swift */; };
		09604F251B50662500C50EFD /* Main.storyboard in Resources */ = {isa = PBXBuildFile; fileRef = 09604F231B50662500C50EFD /* Main.storyboard */; };
		09604F271B50662500C50EFD /* Images.xcassets in Resources */ = {isa = PBXBuildFile; fileRef = 09604F261B50662500C50EFD /* Images.xcassets */; };
		09604F2A1B50662500C50EFD /* LaunchScreen.xib in Resources */ = {isa = PBXBuildFile; fileRef = 09604F281B50662500C50EFD /* LaunchScreen.xib */; };
		09604F361B50662500C50EFD /* SwiftExampleTests.swift in Sources */ = {isa = PBXBuildFile; fileRef = 09604F351B50662500C50EFD /* SwiftExampleTests.swift */; };
		9E96A7DA0EE61CA24A4597BE /* libPods-SwiftExample.a in Frameworks */ = {isa = PBXBuildFile; fileRef = C916366507A98531C68B77F1 /* libPods-SwiftExample.a */; };
/* End PBXBuildFile section */

/* Begin PBXContainerItemProxy section */
		09604F301B50662500C50EFD /* PBXContainerItemProxy */ = {
			isa = PBXContainerItemProxy;
			containerPortal = 09604F121B50662500C50EFD /* Project object */;
			proxyType = 1;
			remoteGlobalIDString = 09604F191B50662500C50EFD;
			remoteInfo = SwiftExample;
		};
/* End PBXContainerItemProxy section */

/* Begin PBXFileReference section */
		09604F1A1B50662500C50EFD /* SwiftExample.app */ = {isa = PBXFileReference; explicitFileType = wrapper.application; includeInIndex = 0; path = SwiftExample.app; sourceTree = BUILT_PRODUCTS_DIR; };
		09604F1E1B50662500C50EFD /* Info.plist */ = {isa = PBXFileReference; lastKnownFileType = text.plist.xml; path = Info.plist; sourceTree = "<group>"; };
		09604F1F1B50662500C50EFD /* AppDelegate.swift */ = {isa = PBXFileReference; lastKnownFileType = sourcecode.swift; path = AppDelegate.swift; sourceTree = "<group>"; };
		09604F211B50662500C50EFD /* ViewController.swift */ = {isa = PBXFileReference; lastKnownFileType = sourcecode.swift; path = ViewController.swift; sourceTree = "<group>"; };
		09604F241B50662500C50EFD /* Base */ = {isa = PBXFileReference; lastKnownFileType = file.storyboard; name = Base; path = Base.lproj/Main.storyboard; sourceTree = "<group>"; };
		09604F261B50662500C50EFD /* Images.xcassets */ = {isa = PBXFileReference; lastKnownFileType = folder.assetcatalog; path = Images.xcassets; sourceTree = "<group>"; };
		09604F291B50662500C50EFD /* Base */ = {isa = PBXFileReference; lastKnownFileType = file.xib; name = Base; path = Base.lproj/LaunchScreen.xib; sourceTree = "<group>"; };
		09604F2F1B50662500C50EFD /* SwiftExampleTests.xctest */ = {isa = PBXFileReference; explicitFileType = wrapper.cfbundle; includeInIndex = 0; path = SwiftExampleTests.xctest; sourceTree = BUILT_PRODUCTS_DIR; };
		09604F341B50662500C50EFD /* Info.plist */ = {isa = PBXFileReference; lastKnownFileType = text.plist.xml; path = Info.plist; sourceTree = "<group>"; };
		09604F351B50662500C50EFD /* SwiftExampleTests.swift */ = {isa = PBXFileReference; lastKnownFileType = sourcecode.swift; path = SwiftExampleTests.swift; sourceTree = "<group>"; };
		09604F3F1B50686E00C50EFD /* SwiftExample-Bridging-Header.h */ = {isa = PBXFileReference; lastKnownFileType = sourcecode.c.h; path = "SwiftExample-Bridging-Header.h"; sourceTree = "<group>"; };
		A2EB9DD27926DABEC83FCA45 /* Pods-SwiftExample.release.xcconfig */ = {isa = PBXFileReference; includeInIndex = 1; lastKnownFileType = text.xcconfig; name = "Pods-SwiftExample.release.xcconfig"; path = "Pods/Target Support Files/Pods-SwiftExample/Pods-SwiftExample.release.xcconfig"; sourceTree = "<group>"; };
		C916366507A98531C68B77F1 /* libPods-SwiftExample.a */ = {isa = PBXFileReference; explicitFileType = archive.ar; includeInIndex = 0; path = "libPods-SwiftExample.a"; sourceTree = BUILT_PRODUCTS_DIR; };
		CA85E4725601A5A7813CAA9F /* Pods-SwiftExample.debug.xcconfig */ = {isa = PBXFileReference; includeInIndex = 1; lastKnownFileType = text.xcconfig; name = "Pods-SwiftExample.debug.xcconfig"; path = "Pods/Target Support Files/Pods-SwiftExample/Pods-SwiftExample.debug.xcconfig"; sourceTree = "<group>"; };
/* End PBXFileReference section */

/* Begin PBXFrameworksBuildPhase section */
		09604F171B50662500C50EFD /* Frameworks */ = {
			isa = PBXFrameworksBuildPhase;
			buildActionMask = 2147483647;
			files = (
				9E96A7DA0EE61CA24A4597BE /* libPods-SwiftExample.a in Frameworks */,
			);
			runOnlyForDeploymentPostprocessing = 0;
		};
		09604F2C1B50662500C50EFD /* Frameworks */ = {
			isa = PBXFrameworksBuildPhase;
			buildActionMask = 2147483647;
			files = (
			);
			runOnlyForDeploymentPostprocessing = 0;
		};
/* End PBXFrameworksBuildPhase section */

/* Begin PBXGroup section */
		09604F111B50662500C50EFD = {
			isa = PBXGroup;
			children = (
				09604F1C1B50662500C50EFD /* SwiftExample */,
				09604F321B50662500C50EFD /* SwiftExampleTests */,
				09604F1B1B50662500C50EFD /* Products */,
				FAC1830EA3D0CD150F51701A /* Pods */,
				C6C6BBFA49566BAB0ED57D16 /* Frameworks */,
			);
			sourceTree = "<group>";
		};
		09604F1B1B50662500C50EFD /* Products */ = {
			isa = PBXGroup;
			children = (
				09604F1A1B50662500C50EFD /* SwiftExample.app */,
				09604F2F1B50662500C50EFD /* SwiftExampleTests.xctest */,
			);
			name = Products;
			sourceTree = "<group>";
		};
		09604F1C1B50662500C50EFD /* SwiftExample */ = {
			isa = PBXGroup;
			children = (
				09604F1F1B50662500C50EFD /* AppDelegate.swift */,
				09604F211B50662500C50EFD /* ViewController.swift */,
				09604F231B50662500C50EFD /* Main.storyboard */,
				09604F261B50662500C50EFD /* Images.xcassets */,
				09604F281B50662500C50EFD /* LaunchScreen.xib */,
				09604F1D1B50662500C50EFD /* Supporting Files */,
				09604F3F1B50686E00C50EFD /* SwiftExample-Bridging-Header.h */,
			);
			path = SwiftExample;
			sourceTree = "<group>";
		};
		09604F1D1B50662500C50EFD /* Supporting Files */ = {
			isa = PBXGroup;
			children = (
				09604F1E1B50662500C50EFD /* Info.plist */,
			);
			name = "Supporting Files";
			sourceTree = "<group>";
		};
		09604F321B50662500C50EFD /* SwiftExampleTests */ = {
			isa = PBXGroup;
			children = (
				09604F351B50662500C50EFD /* SwiftExampleTests.swift */,
				09604F331B50662500C50EFD /* Supporting Files */,
			);
			path = SwiftExampleTests;
			sourceTree = "<group>";
		};
		09604F331B50662500C50EFD /* Supporting Files */ = {
			isa = PBXGroup;
			children = (
				09604F341B50662500C50EFD /* Info.plist */,
			);
			name = "Supporting Files";
			sourceTree = "<group>";
		};
		C6C6BBFA49566BAB0ED57D16 /* Frameworks */ = {
			isa = PBXGroup;
			children = (
				C916366507A98531C68B77F1 /* libPods-SwiftExample.a */,
			);
			name = Frameworks;
			sourceTree = "<group>";
		};
		FAC1830EA3D0CD150F51701A /* Pods */ = {
			isa = PBXGroup;
			children = (
				CA85E4725601A5A7813CAA9F /* Pods-SwiftExample.debug.xcconfig */,
				A2EB9DD27926DABEC83FCA45 /* Pods-SwiftExample.release.xcconfig */,
			);
			name = Pods;
			sourceTree = "<group>";
		};
/* End PBXGroup section */

/* Begin PBXNativeTarget section */
		09604F191B50662500C50EFD /* SwiftExample */ = {
			isa = PBXNativeTarget;
			buildConfigurationList = 09604F391B50662500C50EFD /* Build configuration list for PBXNativeTarget "SwiftExample" */;
			buildPhases = (
				2046A68BD217C0C51AE17060 /* Check Pods Manifest.lock */,
				09604F161B50662500C50EFD /* Sources */,
				09604F171B50662500C50EFD /* Frameworks */,
				09604F181B50662500C50EFD /* Resources */,
				6D30DE63A55A639C885202CB /* Copy Pods Resources */,
			);
			buildRules = (
			);
			dependencies = (
			);
			name = SwiftExample;
			productName = SwiftExample;
			productReference = 09604F1A1B50662500C50EFD /* SwiftExample.app */;
			productType = "com.apple.product-type.application";
		};
		09604F2E1B50662500C50EFD /* SwiftExampleTests */ = {
			isa = PBXNativeTarget;
			buildConfigurationList = 09604F3C1B50662500C50EFD /* Build configuration list for PBXNativeTarget "SwiftExampleTests" */;
			buildPhases = (
				09604F2B1B50662500C50EFD /* Sources */,
				09604F2C1B50662500C50EFD /* Frameworks */,
				09604F2D1B50662500C50EFD /* Resources */,
			);
			buildRules = (
			);
			dependencies = (
				09604F311B50662500C50EFD /* PBXTargetDependency */,
			);
			name = SwiftExampleTests;
			productName = SwiftExampleTests;
			productReference = 09604F2F1B50662500C50EFD /* SwiftExampleTests.xctest */;
			productType = "com.apple.product-type.bundle.unit-test";
		};
/* End PBXNativeTarget section */

/* Begin PBXProject section */
		09604F121B50662500C50EFD /* Project object */ = {
			isa = PBXProject;
			attributes = {
				LastUpgradeCheck = 0630;
				ORGANIZATIONNAME = ioJP;
				TargetAttributes = {
					09604F191B50662500C50EFD = {
						CreatedOnToolsVersion = 6.3.2;
					};
					09604F2E1B50662500C50EFD = {
						CreatedOnToolsVersion = 6.3.2;
						TestTargetID = 09604F191B50662500C50EFD;
					};
				};
			};
			buildConfigurationList = 09604F151B50662500C50EFD /* Build configuration list for PBXProject "SwiftExample" */;
			compatibilityVersion = "Xcode 3.2";
			developmentRegion = English;
			hasScannedForEncodings = 0;
			knownRegions = (
				en,
				Base,
			);
			mainGroup = 09604F111B50662500C50EFD;
			productRefGroup = 09604F1B1B50662500C50EFD /* Products */;
			projectDirPath = "";
			projectRoot = "";
			targets = (
				09604F191B50662500C50EFD /* SwiftExample */,
				09604F2E1B50662500C50EFD /* SwiftExampleTests */,
			);
		};
/* End PBXProject section */

/* Begin PBXResourcesBuildPhase section */
		09604F181B50662500C50EFD /* Resources */ = {
			isa = PBXResourcesBuildPhase;
			buildActionMask = 2147483647;
			files = (
				09604F251B50662500C50EFD /* Main.storyboard in Resources */,
				09604F2A1B50662500C50EFD /* LaunchScreen.xib in Resources */,
				09604F271B50662500C50EFD /* Images.xcassets in Resources */,
			);
			runOnlyForDeploymentPostprocessing = 0;
		};
		09604F2D1B50662500C50EFD /* Resources */ = {
			isa = PBXResourcesBuildPhase;
			buildActionMask = 2147483647;
			files = (
			);
			runOnlyForDeploymentPostprocessing = 0;
		};
/* End PBXResourcesBuildPhase section */

/* Begin PBXShellScriptBuildPhase section */
		2046A68BD217C0C51AE17060 /* Check Pods Manifest.lock */ = {
			isa = PBXShellScriptBuildPhase;
			buildActionMask = 2147483647;
			files = (
			);
			inputPaths = (
			);
			name = "Check Pods Manifest.lock";
			outputPaths = (
			);
			runOnlyForDeploymentPostprocessing = 0;
			shellPath = /bin/sh;
			shellScript = "diff \"${PODS_ROOT}/../Podfile.lock\" \"${PODS_ROOT}/Manifest.lock\" > /dev/null\nif [[ $? != 0 ]] ; then\n    cat << EOM\nerror: The sandbox is not in sync with the Podfile.lock. Run 'pod install' or update your CocoaPods installation.\nEOM\n    exit 1\nfi\n";
			showEnvVarsInLog = 0;
		};
		6D30DE63A55A639C885202CB /* Copy Pods Resources */ = {
			isa = PBXShellScriptBuildPhase;
			buildActionMask = 2147483647;
			files = (
			);
			inputPaths = (
			);
			name = "Copy Pods Resources";
			outputPaths = (
			);
			runOnlyForDeploymentPostprocessing = 0;
			shellPath = /bin/sh;
			shellScript = "\"${SRCROOT}/Pods/Target Support Files/Pods-SwiftExample/Pods-SwiftExample-resources.sh\"\n";
			showEnvVarsInLog = 0;
		};
/* End PBXShellScriptBuildPhase section */

/* Begin PBXSourcesBuildPhase section */
		09604F161B50662500C50EFD /* Sources */ = {
			isa = PBXSourcesBuildPhase;
			buildActionMask = 2147483647;
			files = (
				09604F221B50662500C50EFD /* ViewController.swift in Sources */,
				09604F201B50662500C50EFD /* AppDelegate.swift in Sources */,
			);
			runOnlyForDeploymentPostprocessing = 0;
		};
		09604F2B1B50662500C50EFD /* Sources */ = {
			isa = PBXSourcesBuildPhase;
			buildActionMask = 2147483647;
			files = (
				09604F361B50662500C50EFD /* SwiftExampleTests.swift in Sources */,
			);
			runOnlyForDeploymentPostprocessing = 0;
		};
/* End PBXSourcesBuildPhase section */

/* Begin PBXTargetDependency section */
		09604F311B50662500C50EFD /* PBXTargetDependency */ = {
			isa = PBXTargetDependency;
			target = 09604F191B50662500C50EFD /* SwiftExample */;
			targetProxy = 09604F301B50662500C50EFD /* PBXContainerItemProxy */;
		};
/* End PBXTargetDependency section */

/* Begin PBXVariantGroup section */
		09604F231B50662500C50EFD /* Main.storyboard */ = {
			isa = PBXVariantGroup;
			children = (
				09604F241B50662500C50EFD /* Base */,
			);
			name = Main.storyboard;
			sourceTree = "<group>";
		};
		09604F281B50662500C50EFD /* LaunchScreen.xib */ = {
			isa = PBXVariantGroup;
			children = (
				09604F291B50662500C50EFD /* Base */,
			);
			name = LaunchScreen.xib;
			sourceTree = "<group>";
		};
/* End PBXVariantGroup section */

/* Begin XCBuildConfiguration section */
		09604F371B50662500C50EFD /* Debug */ = {
			isa = XCBuildConfiguration;
			buildSettings = {
				ALWAYS_SEARCH_USER_PATHS = NO;
				CLANG_CXX_LANGUAGE_STANDARD = "gnu++0x";
				CLANG_CXX_LIBRARY = "libc++";
				CLANG_ENABLE_MODULES = YES;
				CLANG_ENABLE_OBJC_ARC = YES;
				CLANG_WARN_BOOL_CONVERSION = YES;
				CLANG_WARN_CONSTANT_CONVERSION = YES;
				CLANG_WARN_DIRECT_OBJC_ISA_USAGE = YES_ERROR;
				CLANG_WARN_EMPTY_BODY = YES;
				CLANG_WARN_ENUM_CONVERSION = YES;
				CLANG_WARN_INT_CONVERSION = YES;
				CLANG_WARN_OBJC_ROOT_CLASS = YES_ERROR;
				CLANG_WARN_UNREACHABLE_CODE = YES;
				CLANG_WARN__DUPLICATE_METHOD_MATCH = YES;
				"CODE_SIGN_IDENTITY[sdk=iphoneos*]" = "iPhone Developer";
				COPY_PHASE_STRIP = NO;
				DEBUG_INFORMATION_FORMAT = "dwarf-with-dsym";
				ENABLE_STRICT_OBJC_MSGSEND = YES;
				GCC_C_LANGUAGE_STANDARD = gnu99;
				GCC_DYNAMIC_NO_PIC = NO;
				GCC_NO_COMMON_BLOCKS = YES;
				GCC_OPTIMIZATION_LEVEL = 0;
				GCC_PREPROCESSOR_DEFINITIONS = (
					"DEBUG=1",
					"$(inherited)",
				);
				GCC_SYMBOLS_PRIVATE_EXTERN = NO;
				GCC_WARN_64_TO_32_BIT_CONVERSION = YES;
				GCC_WARN_ABOUT_RETURN_TYPE = YES_ERROR;
				GCC_WARN_UNDECLARED_SELECTOR = YES;
				GCC_WARN_UNINITIALIZED_AUTOS = YES_AGGRESSIVE;
				GCC_WARN_UNUSED_FUNCTION = YES;
				GCC_WARN_UNUSED_VARIABLE = YES;
				IPHONEOS_DEPLOYMENT_TARGET = 8.3;
				MTL_ENABLE_DEBUG_INFO = YES;
				ONLY_ACTIVE_ARCH = YES;
				SDKROOT = iphoneos;
				SWIFT_OPTIMIZATION_LEVEL = "-Onone";
			};
			name = Debug;
		};
		09604F381B50662500C50EFD /* Release */ = {
			isa = XCBuildConfiguration;
			buildSettings = {
				ALWAYS_SEARCH_USER_PATHS = NO;
				CLANG_CXX_LANGUAGE_STANDARD = "gnu++0x";
				CLANG_CXX_LIBRARY = "libc++";
				CLANG_ENABLE_MODULES = YES;
				CLANG_ENABLE_OBJC_ARC = YES;
				CLANG_WARN_BOOL_CONVERSION = YES;
				CLANG_WARN_CONSTANT_CONVERSION = YES;
				CLANG_WARN_DIRECT_OBJC_ISA_USAGE = YES_ERROR;
				CLANG_WARN_EMPTY_BODY = YES;
				CLANG_WARN_ENUM_CONVERSION = YES;
				CLANG_WARN_INT_CONVERSION = YES;
				CLANG_WARN_OBJC_ROOT_CLASS = YES_ERROR;
				CLANG_WARN_UNREACHABLE_CODE = YES;
				CLANG_WARN__DUPLICATE_METHOD_MATCH = YES;
				"CODE_SIGN_IDENTITY[sdk=iphoneos*]" = "iPhone Developer";
				COPY_PHASE_STRIP = NO;
				DEBUG_INFORMATION_FORMAT = "dwarf-with-dsym";
				ENABLE_NS_ASSERTIONS = NO;
				ENABLE_STRICT_OBJC_MSGSEND = YES;
				GCC_C_LANGUAGE_STANDARD = gnu99;
				GCC_NO_COMMON_BLOCKS = YES;
				GCC_WARN_64_TO_32_BIT_CONVERSION = YES;
				GCC_WARN_ABOUT_RETURN_TYPE = YES_ERROR;
				GCC_WARN_UNDECLARED_SELECTOR = YES;
				GCC_WARN_UNINITIALIZED_AUTOS = YES_AGGRESSIVE;
				GCC_WARN_UNUSED_FUNCTION = YES;
				GCC_WARN_UNUSED_VARIABLE = YES;
				IPHONEOS_DEPLOYMENT_TARGET = 8.3;
				MTL_ENABLE_DEBUG_INFO = NO;
				SDKROOT = iphoneos;
				VALIDATE_PRODUCT = YES;
			};
			name = Release;
		};
		09604F3A1B50662500C50EFD /* Debug */ = {
			isa = XCBuildConfiguration;
			baseConfigurationReference = CA85E4725601A5A7813CAA9F /* Pods-SwiftExample.debug.xcconfig */;
			buildSettings = {
				ASSETCATALOG_COMPILER_APPICON_NAME = AppIcon;
				CLANG_ENABLE_MODULES = YES;
				INFOPLIST_FILE = SwiftExample/Info.plist;
				LD_RUNPATH_SEARCH_PATHS = "$(inherited) @executable_path/Frameworks";
				PRODUCT_NAME = "$(TARGET_NAME)";
				SWIFT_OBJC_BRIDGING_HEADER = "SwiftExample/SwiftExample-Bridging-Header.h";
				SWIFT_OPTIMIZATION_LEVEL = "-Onone";
			};
			name = Debug;
		};
		09604F3B1B50662500C50EFD /* Release */ = {
			isa = XCBuildConfiguration;
			baseConfigurationReference = A2EB9DD27926DABEC83FCA45 /* Pods-SwiftExample.release.xcconfig */;
			buildSettings = {
				ASSETCATALOG_COMPILER_APPICON_NAME = AppIcon;
				CLANG_ENABLE_MODULES = YES;
				INFOPLIST_FILE = SwiftExample/Info.plist;
				LD_RUNPATH_SEARCH_PATHS = "$(inherited) @executable_path/Frameworks";
				PRODUCT_NAME = "$(TARGET_NAME)";
				SWIFT_OBJC_BRIDGING_HEADER = "SwiftExample/SwiftExample-Bridging-Header.h";
			};
			name = Release;
		};
		09604F3D1B50662500C50EFD /* Debug */ = {
			isa = XCBuildConfiguration;
			buildSettings = {
				BUNDLE_LOADER = "$(TEST_HOST)";
				FRAMEWORK_SEARCH_PATHS = (
					"$(SDKROOT)/Developer/Library/Frameworks",
					"$(inherited)",
				);
				GCC_PREPROCESSOR_DEFINITIONS = (
					"DEBUG=1",
					"$(inherited)",
				);
				INFOPLIST_FILE = SwiftExampleTests/Info.plist;
				LD_RUNPATH_SEARCH_PATHS = "$(inherited) @executable_path/Frameworks @loader_path/Frameworks";
				PRODUCT_NAME = "$(TARGET_NAME)";
				TEST_HOST = "$(BUILT_PRODUCTS_DIR)/SwiftExample.app/SwiftExample";
			};
			name = Debug;
		};
		09604F3E1B50662500C50EFD /* Release */ = {
			isa = XCBuildConfiguration;
			buildSettings = {
				BUNDLE_LOADER = "$(TEST_HOST)";
				FRAMEWORK_SEARCH_PATHS = (
					"$(SDKROOT)/Developer/Library/Frameworks",
					"$(inherited)",
				);
				INFOPLIST_FILE = SwiftExampleTests/Info.plist;
				LD_RUNPATH_SEARCH_PATHS = "$(inherited) @executable_path/Frameworks @loader_path/Frameworks";
				PRODUCT_NAME = "$(TARGET_NAME)";
				TEST_HOST = "$(BUILT_PRODUCTS_DIR)/SwiftExample.app/SwiftExample";
			};
			name = Release;
		};
/* End XCBuildConfiguration section */

/* Begin XCConfigurationList section */
		09604F151B50662500C50EFD /* Build configuration list for PBXProject "SwiftExample" */ = {
			isa = XCConfigurationList;
			buildConfigurations = (
				09604F371B50662500C50EFD /* Debug */,
				09604F381B50662500C50EFD /* Release */,
			);
			defaultConfigurationIsVisible = 0;
			defaultConfigurationName = Release;
		};
		09604F391B50662500C50EFD /* Build configuration list for PBXNativeTarget "SwiftExample" */ = {
			isa = XCConfigurationList;
			buildConfigurations = (
				09604F3A1B50662500C50EFD /* Debug */,
				09604F3B1B50662500C50EFD /* Release */,
			);
			defaultConfigurationIsVisible = 0;
			defaultConfigurationName = Release;
		};
		09604F3C1B50662500C50EFD /* Build configuration list for PBXNativeTarget "SwiftExampleTests" */ = {
			isa = XCConfigurationList;
			buildConfigurations = (
				09604F3D1B50662500C50EFD /* Debug */,
				09604F3E1B50662500C50EFD /* Release */,
			);
			defaultConfigurationIsVisible = 0;
			defaultConfigurationName = Release;
		};
/* End XCConfigurationList section */
	};
	rootObject = 09604F121B50662500C50EFD /* Project object */;
}
